<?xml version="1.0" encoding="utf-8"?>
<Project ToolsVersion="4.0" xmlns="http://schemas.microsoft.com/developer/msbuild/2003">
  <ItemGroup>
    <Filter Include="00.MainApp">
      <UniqueIdentifier>{b62cf6b7-87b7-4ee8-b49b-eda833da62b3}</UniqueIdentifier>
    </Filter>
    <Filter Include="98.Default">
      <UniqueIdentifier>{429149a3-cac2-4a01-816b-40523353717d}</UniqueIdentifier>
    </Filter>
    <Filter Include="01.Scene">
      <UniqueIdentifier>{45b7e179-d037-45a0-90e5-9a68e9b52ec7}</UniqueIdentifier>
    </Filter>
    <Filter Include="01.Scene\00.Logo">
      <UniqueIdentifier>{34aa17b9-bf45-4164-88b6-6a15454defb5}</UniqueIdentifier>
    </Filter>
    <Filter Include="01.Scene\01.Stage">
      <UniqueIdentifier>{c234953c-5253-40ea-b6ef-3e666a6a61d5}</UniqueIdentifier>
    </Filter>
    <Filter Include="02.GameObject">
      <UniqueIdentifier>{34f3cfec-851c-4272-87c9-1a0524375aea}</UniqueIdentifier>
    </Filter>
    <Filter Include="02.GameObject\00.Player">
      <UniqueIdentifier>{812401ac-0272-46fc-9039-a86d58c3b660}</UniqueIdentifier>
    </Filter>
    <Filter Include="01.Scene\99.Loading">
      <UniqueIdentifier>{877afc48-eb1c-401b-a0c7-05b132d2944f}</UniqueIdentifier>
    </Filter>
    <Filter Include=".ImGui">
      <UniqueIdentifier>{afcc7edc-5160-4cc5-9a03-9133f2202f29}</UniqueIdentifier>
    </Filter>
    <Filter Include=".ImGui\Lib">
      <UniqueIdentifier>{3c7bf642-636b-411c-9bdf-b4e2e7c287d6}</UniqueIdentifier>
    </Filter>
    <Filter Include="02.GameObject\02.Monster">
      <UniqueIdentifier>{09326d54-d2ad-4891-b275-cf9adb436651}</UniqueIdentifier>
    </Filter>
    <Filter Include="02.GameObject\02.Monster\01.Glacier">
      <UniqueIdentifier>{5f36b600-2d25-411f-890d-4740d02b5de0}</UniqueIdentifier>
    </Filter>
    <Filter Include="02.GameObject\03.Map">
      <UniqueIdentifier>{cb533816-8d62-46e5-86d0-228f63a062f4}</UniqueIdentifier>
    </Filter>
    <Filter Include="02.GameObject\04.Camera">
      <UniqueIdentifier>{b14ae1df-b4c8-4bfa-917f-65377b362a52}</UniqueIdentifier>
    </Filter>
    <Filter Include="03.Component">
      <UniqueIdentifier>{3e0b9659-a1f5-4910-a552-cd896d8fea18}</UniqueIdentifier>
    </Filter>
    <Filter Include="99.Headers">
      <UniqueIdentifier>{0e85ea08-869f-4f5f-bdd6-f5c283757f5b}</UniqueIdentifier>
    </Filter>
    <Filter Include="02.GameObject\02.Monster\02.BatGrey">
      <UniqueIdentifier>{8f3a5efd-de69-439d-9661-c9b2152d68bc}</UniqueIdentifier>
    </Filter>
    <Filter Include="97.DXWrapper">
      <UniqueIdentifier>{823585c1-1122-4b5c-8cef-a3846cb02321}</UniqueIdentifier>
    </Filter>
    <Filter Include="02.GameObject\05.Effect">
      <UniqueIdentifier>{1ae489c2-01a6-42c7-a770-74938da28cbd}</UniqueIdentifier>
    </Filter>
    <Filter Include="02.GameObject\06.Bullet">
      <UniqueIdentifier>{abfda3f3-4758-48af-81e1-d98ac77a1398}</UniqueIdentifier>
    </Filter>
    <Filter Include="02.GameObject\02.Monster\03.Fire">
      <UniqueIdentifier>{3344bc90-710b-4809-a051-5285fd4c29fa}</UniqueIdentifier>
    </Filter>
    <Filter Include="02.GameObject\02.Monster\04.Eyebat">
      <UniqueIdentifier>{1d40ebee-8cc6-43c4-9609-d9efc1c0fab0}</UniqueIdentifier>
    </Filter>
    <Filter Include="02.GameObject\02.Monster\05.Spider">
      <UniqueIdentifier>{616e1345-855c-4e39-8ffa-3ae0c6970fe4}</UniqueIdentifier>
    </Filter>
    <Filter Include="02.GameObject\06.Bullet\01.BatSpit">
      <UniqueIdentifier>{ad85de71-9a76-4e60-94de-b570a7004b33}</UniqueIdentifier>
    </Filter>
    <Filter Include="02.GameObject\06.Bullet\02.EyebatBullet">
      <UniqueIdentifier>{a9708332-ad02-419c-9f24-6ebc10a90b69}</UniqueIdentifier>
    </Filter>
    <Filter Include="02.GameObject\06.Bullet\03.GlacierBullet">
      <UniqueIdentifier>{4abe6e28-560d-4c62-976c-8755e785d46a}</UniqueIdentifier>
    </Filter>
    <Filter Include="02.GameObject\05.Effect\00.Coll">
      <UniqueIdentifier>{b7a13fae-8eb8-46ca-9d4b-716679e8eb6c}</UniqueIdentifier>
    </Filter>
    <Filter Include="02.GameObject\05.Effect\00.Coll\01.GlacierParticle">
      <UniqueIdentifier>{98db3f39-901c-4bf7-bdcd-802fc3d7e535}</UniqueIdentifier>
    </Filter>
    <Filter Include="02.GameObject\05.Effect\01.NonColl">
      <UniqueIdentifier>{c3efae6e-1841-42d3-abd6-014430dc02db}</UniqueIdentifier>
    </Filter>
    <Filter Include="02.GameObject\05.Effect\01.NonColl\01.Blood">
      <UniqueIdentifier>{089affcf-f483-46c9-84fc-168c97be4908}</UniqueIdentifier>
    </Filter>
    <Filter Include="02.GameObject\05.Effect\01.NonColl\02.FloorBlood">
      <UniqueIdentifier>{499e18e0-415e-4eaf-92cf-ab72af24fd55}</UniqueIdentifier>
    </Filter>
    <Filter Include="02.GameObject\06.Bullet\04.SpiderBullet">
      <UniqueIdentifier>{168de8fb-4a07-41ca-b1d4-1ae949c4470c}</UniqueIdentifier>
    </Filter>
    <Filter Include="02.GameObject\00.Player\01.Terret">
      <UniqueIdentifier>{74582a3a-1009-4d13-86b9-11cc51e4860a}</UniqueIdentifier>
    </Filter>
    <Filter Include="96.SoundMgr">
      <UniqueIdentifier>{d6cba527-df74-49fe-a52d-a4c4f316d621}</UniqueIdentifier>
    </Filter>
    <Filter Include="02.GameObject\02.Monster\06.Boss_Shark">
      <UniqueIdentifier>{190ae1dc-a69f-4cbe-ba89-b188ddedf29c}</UniqueIdentifier>
    </Filter>
    <Filter Include="02.GameObject\06.Bullet\05.SharkBullet">
      <UniqueIdentifier>{cfeee460-dad2-4a9d-b233-6db7cb511167}</UniqueIdentifier>
    </Filter>
    <Filter Include="02.GameObject\08.Decorator">
      <UniqueIdentifier>{b784e838-9699-4b0f-b100-f57df68a00ba}</UniqueIdentifier>
    </Filter>
  </ItemGroup>
  <ItemGroup>
    <ClInclude Include="Client.h">
      <Filter>98.Default</Filter>
    </ClInclude>
    <ClInclude Include="Resource.h">
      <Filter>98.Default</Filter>
    </ClInclude>
    <ClInclude Include="stdafx.h">
      <Filter>98.Default</Filter>
    </ClInclude>
    <ClInclude Include="targetver.h">
      <Filter>98.Default</Filter>
    </ClInclude>
    <ClInclude Include="..\Headers\MainApp.h">
      <Filter>00.MainApp</Filter>
    </ClInclude>
    <ClInclude Include="..\Headers\Logo.h">
      <Filter>01.Scene\00.Logo</Filter>
    </ClInclude>
    <ClInclude Include="..\Headers\Stage.h">
      <Filter>01.Scene\01.Stage</Filter>
    </ClInclude>
    <ClInclude Include="..\Headers\Player.h">
      <Filter>02.GameObject\00.Player</Filter>
    </ClInclude>
    <ClInclude Include="..\Headers\Loading.h">
      <Filter>01.Scene\99.Loading</Filter>
    </ClInclude>
    <ClInclude Include="ImGui\imstb_truetype.h">
      <Filter>.ImGui\Lib</Filter>
    </ClInclude>
    <ClInclude Include="ImGui\imgui_impl_dx9.h">
      <Filter>.ImGui\Lib</Filter>
    </ClInclude>
    <ClInclude Include="ImGui\imgui_impl_win32.h">
      <Filter>.ImGui\Lib</Filter>
    </ClInclude>
    <ClInclude Include="ImGui\imgui_internal.h">
      <Filter>.ImGui\Lib</Filter>
    </ClInclude>
    <ClInclude Include="ImGui\imstb_rectpack.h">
      <Filter>.ImGui\Lib</Filter>
    </ClInclude>
    <ClInclude Include="ImGui\imstb_textedit.h">
      <Filter>.ImGui\Lib</Filter>
    </ClInclude>
    <ClInclude Include="ImGui\imconfig.h">
      <Filter>.ImGui\Lib</Filter>
    </ClInclude>
    <ClInclude Include="ImGui\imgui.h">
      <Filter>.ImGui\Lib</Filter>
    </ClInclude>
    <ClInclude Include="ImGuiHelper.h">
      <Filter>.ImGui</Filter>
    </ClInclude>
    <ClInclude Include="..\Headers\Monster.h">
      <Filter>02.GameObject\02.Monster</Filter>
    </ClInclude>
    <ClInclude Include="..\Headers\Glacier.h">
      <Filter>02.GameObject\02.Monster\01.Glacier</Filter>
    </ClInclude>
    <ClInclude Include="..\Headers\MainCamera.h">
      <Filter>02.GameObject\04.Camera</Filter>
    </ClInclude>
    <ClInclude Include="..\Headers\MapBase.h">
      <Filter>02.GameObject\03.Map</Filter>
    </ClInclude>
    <ClInclude Include="..\Headers\Map1st.h">
      <Filter>02.GameObject\03.Map</Filter>
    </ClInclude>
    <ClInclude Include="..\Headers\Stage1st.h">
      <Filter>01.Scene\01.Stage</Filter>
    </ClInclude>
    <ClInclude Include="..\Headers\Client_Extern.h">
      <Filter>99.Headers</Filter>
    </ClInclude>
    <ClInclude Include="..\Headers\Client_Define.h">
      <Filter>99.Headers</Filter>
    </ClInclude>
    <ClInclude Include="..\Headers\Client_Enum.h">
      <Filter>99.Headers</Filter>
    </ClInclude>
    <ClInclude Include="..\Headers\BatGrey.h">
      <Filter>02.GameObject\02.Monster\02.BatGrey</Filter>
    </ClInclude>
    <ClInclude Include="..\Headers\Client_Typedef.h">
      <Filter>99.Headers</Filter>
    </ClInclude>
    <ClInclude Include="..\Headers\Client_Struct.h">
      <Filter>99.Headers</Filter>
    </ClInclude>
    <ClInclude Include="..\Headers\DXWrapper.h">
      <Filter>97.DXWrapper</Filter>
    </ClInclude>
    <ClInclude Include="..\Headers\Vertexs.h">
      <Filter>97.DXWrapper</Filter>
    </ClInclude>
    <ClInclude Include="..\Headers\PlyerInfoUI.h" />
    <ClInclude Include="..\Headers\WeaponAmmoInfoUI.h" />
    <ClInclude Include="..\Headers\Bullet.h">
      <Filter>02.GameObject\06.Bullet</Filter>
    </ClInclude>
    <ClInclude Include="..\Headers\Effect.h">
      <Filter>02.GameObject\05.Effect</Filter>
    </ClInclude>
    <ClInclude Include="..\Headers\Fire.h">
      <Filter>02.GameObject\02.Monster\03.Fire</Filter>
    </ClInclude>
    <ClInclude Include="..\Headers\Eyebat.h">
      <Filter>02.GameObject\02.Monster\04.Eyebat</Filter>
    </ClInclude>
    <ClInclude Include="..\Headers\Spider.h">
      <Filter>02.GameObject\02.Monster\05.Spider</Filter>
    </ClInclude>
    <ClInclude Include="..\Headers\GlacierParticle.h">
      <Filter>02.GameObject\05.Effect\00.Coll\01.GlacierParticle</Filter>
    </ClInclude>
    <ClInclude Include="..\Headers\BatSpit.h">
      <Filter>02.GameObject\06.Bullet\01.BatSpit</Filter>
    </ClInclude>
    <ClInclude Include="..\Headers\EyebatBullet.h">
      <Filter>02.GameObject\06.Bullet\02.EyebatBullet</Filter>
    </ClInclude>
    <ClInclude Include="..\Headers\GlacierBullet.h">
      <Filter>02.GameObject\06.Bullet\03.GlacierBullet</Filter>
    </ClInclude>
    <ClInclude Include="..\Headers\Blood.h">
      <Filter>02.GameObject\05.Effect\01.NonColl\01.Blood</Filter>
    </ClInclude>
    <ClInclude Include="..\Headers\FloorBlood.h">
      <Filter>02.GameObject\05.Effect\01.NonColl\02.FloorBlood</Filter>
    </ClInclude>
    <ClInclude Include="..\Headers\SpiderBullet.h">
      <Filter>02.GameObject\06.Bullet\04.SpiderBullet</Filter>
    </ClInclude>
    <ClInclude Include="..\Headers\Terret.h">
      <Filter>02.GameObject\00.Player\01.Terret</Filter>
    </ClInclude>
    <ClInclude Include="..\Headers\GameUI.h" />
    <ClInclude Include="..\Headers\Hangman.h" />
    <ClInclude Include="..\Headers\HangmanBomb.h" />
    <ClInclude Include="..\Headers\Hellhound.h" />
    <ClInclude Include="..\Headers\Item.h" />
    <ClInclude Include="..\Headers\Map2nd.h" />
    <ClInclude Include="..\Headers\Map3rd.h" />
    <ClInclude Include="..\Headers\Map4th.h" />
    <ClInclude Include="..\Headers\Map5th.h" />
    <ClInclude Include="..\Headers\Map6th.h" />
    <ClInclude Include="..\Headers\MapBoss.h" />
    <ClInclude Include="..\Headers\MapMidBoss.h" />
    <ClInclude Include="..\Headers\NormalUVVertexBuffer.h" />
    <ClInclude Include="..\Headers\Particle.h" />
    <ClInclude Include="..\Headers\Stage2nd.h" />
    <ClInclude Include="..\Headers\Stage3rd.h" />
    <ClInclude Include="..\Headers\Stage4th.h" />
    <ClInclude Include="..\Headers\Stage5th.h" />
    <ClInclude Include="..\Headers\Stage6th.h" />
    <ClInclude Include="..\Headers\StageBoss.h" />
    <ClInclude Include="..\Headers\StageMidBoss.h" />
    <ClInclude Include="..\Headers\UIManager.h" />
    <ClInclude Include="..\Headers\ParticleSystem.h" />
    <ClInclude Include="..\Headers\Decorator.h" />
    <ClInclude Include="..\Headers\Effect.h" />
    <ClInclude Include="..\Headers\GlacierParticle.h" />
    <ClInclude Include="..\Headers\Hangman.h" />
    <ClInclude Include="..\Headers\HangmanBomb.h" />
    <ClInclude Include="..\Headers\Hellhound.h" />
    <ClInclude Include="..\Headers\Item.h" />
    <ClInclude Include="..\Headers\Particle.h" />
    <ClInclude Include="..\Headers\BatSpit.h" />
    <ClInclude Include="..\Headers\LoadingBar.h" />
    <ClInclude Include="..\Headers\Package.h" />
    <ClInclude Include="..\Headers\Shark.h" />
    <ClInclude Include="..\Headers\SharkBullet.h" />
    <ClInclude Include="..\Headers\SoundMgr.h" />
    <ClInclude Include="..\Headers\HUDTopUI.h" />
    <ClInclude Include="..\Headers\ShopUI.h" />
    <ClInclude Include="..\Headers\StateBar.h" />
    <ClInclude Include="..\Headers\VIBuffer_UITexture.h" />
    <ClInclude Include="..\Headers\MiniMap.h" />
    <ClInclude Include="..\Headers\ScreenEffect.h" />
  </ItemGroup>
  <ItemGroup>
    <ClCompile Include="Client.cpp">
      <Filter>98.Default</Filter>
    </ClCompile>
    <ClCompile Include="stdafx.cpp">
      <Filter>98.Default</Filter>
    </ClCompile>
    <ClCompile Include="..\Codes\MainApp.cpp">
      <Filter>00.MainApp</Filter>
    </ClCompile>
    <ClCompile Include="..\Codes\Logo.cpp">
      <Filter>01.Scene\00.Logo</Filter>
    </ClCompile>
    <ClCompile Include="..\Codes\Stage.cpp">
      <Filter>01.Scene\01.Stage</Filter>
    </ClCompile>
    <ClCompile Include="..\Codes\Player.cpp">
      <Filter>02.GameObject\00.Player</Filter>
    </ClCompile>
    <ClCompile Include="..\Codes\Loading.cpp">
      <Filter>01.Scene\99.Loading</Filter>
    </ClCompile>
    <ClCompile Include="ImGui\imgui_demo.cpp">
      <Filter>.ImGui\Lib</Filter>
    </ClCompile>
    <ClCompile Include="ImGui\imgui_draw.cpp">
      <Filter>.ImGui\Lib</Filter>
    </ClCompile>
    <ClCompile Include="ImGui\imgui_impl_dx9.cpp">
      <Filter>.ImGui\Lib</Filter>
    </ClCompile>
    <ClCompile Include="ImGui\imgui_impl_win32.cpp">
      <Filter>.ImGui\Lib</Filter>
    </ClCompile>
    <ClCompile Include="ImGui\imgui_widgets.cpp">
      <Filter>.ImGui\Lib</Filter>
    </ClCompile>
    <ClCompile Include="ImGui\imgui.cpp">
      <Filter>.ImGui\Lib</Filter>
    </ClCompile>
    <ClCompile Include="ImGuiHelper.cpp">
      <Filter>.ImGui</Filter>
    </ClCompile>
    <ClCompile Include="..\Codes\Monster.cpp">
      <Filter>02.GameObject\02.Monster</Filter>
    </ClCompile>
    <ClCompile Include="..\Codes\Glacier.cpp">
      <Filter>02.GameObject\02.Monster\01.Glacier</Filter>
    </ClCompile>
    <ClCompile Include="..\Codes\MainCamera.cpp">
      <Filter>02.GameObject\04.Camera</Filter>
    </ClCompile>
    <ClCompile Include="..\Codes\MapBase.cpp">
      <Filter>02.GameObject\03.Map</Filter>
    </ClCompile>
    <ClCompile Include="..\Codes\Map1st.cpp">
      <Filter>02.GameObject\03.Map</Filter>
    </ClCompile>
    <ClCompile Include="..\Codes\Stage1st.cpp">
      <Filter>01.Scene\01.Stage</Filter>
    </ClCompile>
    <ClCompile Include="..\Codes\BatGrey.cpp">
      <Filter>02.GameObject\02.Monster\02.BatGrey</Filter>
    </ClCompile>
    <ClCompile Include="..\Codes\DXWrapper.cpp">
      <Filter>97.DXWrapper</Filter>
    </ClCompile>
    <ClCompile Include="..\Codes\Package.cpp">
      <Filter>.ImGui</Filter>
    </ClCompile>
    <ClCompile Include="..\Codes\PlyerInfoUI.cpp" />
    <ClCompile Include="..\Codes\WeaponAmmoInfoUI.cpp" />
    <ClCompile Include="..\Codes\Bullet.cpp">
      <Filter>02.GameObject\06.Bullet</Filter>
    </ClCompile>
    <ClCompile Include="..\Codes\Effect.cpp">
      <Filter>02.GameObject\05.Effect</Filter>
    </ClCompile>
    <ClCompile Include="..\Codes\Fire.cpp">
      <Filter>02.GameObject\02.Monster\03.Fire</Filter>
    </ClCompile>
    <ClCompile Include="..\Codes\Eyebat.cpp">
      <Filter>02.GameObject\02.Monster\04.Eyebat</Filter>
    </ClCompile>
    <ClCompile Include="..\Codes\Spider.cpp">
      <Filter>02.GameObject\02.Monster\05.Spider</Filter>
    </ClCompile>
    <ClCompile Include="..\Codes\GlacierParticle.cpp">
      <Filter>02.GameObject\05.Effect\00.Coll\01.GlacierParticle</Filter>
    </ClCompile>
    <ClCompile Include="..\Codes\BatSpit.cpp">
      <Filter>02.GameObject\06.Bullet\01.BatSpit</Filter>
    </ClCompile>
    <ClCompile Include="..\Codes\EyebatBullet.cpp">
      <Filter>02.GameObject\06.Bullet\02.EyebatBullet</Filter>
    </ClCompile>
    <ClCompile Include="..\Codes\GlacierBullet.cpp">
      <Filter>02.GameObject\06.Bullet\03.GlacierBullet</Filter>
    </ClCompile>
    <ClCompile Include="..\Codes\Blood.cpp">
      <Filter>02.GameObject\05.Effect\01.NonColl\01.Blood</Filter>
    </ClCompile>
    <ClCompile Include="..\Codes\FloorBlood.cpp">
      <Filter>02.GameObject\05.Effect\01.NonColl\02.FloorBlood</Filter>
    </ClCompile>
    <ClCompile Include="..\Codes\SpiderBullet.cpp">
      <Filter>02.GameObject\06.Bullet\04.SpiderBullet</Filter>
    </ClCompile>
    <ClCompile Include="..\Codes\Terret.cpp">
      <Filter>02.GameObject\00.Player\01.Terret</Filter>
    </ClCompile>
    <ClCompile Include="..\Codes\GameUI.cpp" />
    <ClCompile Include="..\Codes\Hangman.cpp" />
    <ClCompile Include="..\Codes\HangmanBomb.cpp" />
    <ClCompile Include="..\Codes\Hellhound.cpp" />
    <ClCompile Include="..\Codes\Item.cpp" />
    <ClCompile Include="..\Codes\Map2nd.cpp" />
    <ClCompile Include="..\Codes\Map3rd.cpp" />
    <ClCompile Include="..\Codes\Map4th.cpp" />
    <ClCompile Include="..\Codes\Map5th.cpp" />
    <ClCompile Include="..\Codes\Map6th.cpp" />
    <ClCompile Include="..\Codes\MapBoss.cpp" />
    <ClCompile Include="..\Codes\MapMidBoss.cpp" />
    <ClCompile Include="..\Codes\NormalUVVertexBuffer.cpp" />
    <ClCompile Include="..\Codes\Particle.cpp" />
    <ClCompile Include="..\Codes\Stage2nd.cpp" />
    <ClCompile Include="..\Codes\Stage3rd.cpp" />
    <ClCompile Include="..\Codes\Stage4th.cpp" />
    <ClCompile Include="..\Codes\Stage5th.cpp" />
    <ClCompile Include="..\Codes\Stage6th.cpp" />
    <ClCompile Include="..\Codes\StageBoss.cpp" />
    <ClCompile Include="..\Codes\StageMidBoss.cpp" />
    <ClCompile Include="..\Codes\UIManager.cpp" />
    <ClCompile Include="..\Codes\ParticleSystem.cpp" />
    <ClCompile Include="..\Codes\Decorator.cpp" />
    <ClCompile Include="..\Codes\Effect.cpp" />
    <ClCompile Include="..\Codes\Glacier.cpp" />
    <ClCompile Include="..\Codes\GlacierParticle.cpp" />
    <ClCompile Include="..\Codes\Hangman.cpp" />
    <ClCompile Include="..\Codes\HangmanBomb.cpp" />
    <ClCompile Include="..\Codes\Hellhound.cpp" />
    <ClCompile Include="..\Codes\Item.cpp" />
    <ClCompile Include="..\Codes\Particle.cpp" />
    <ClCompile Include="..\Codes\LoadingBar.cpp" />
    <ClCompile Include="..\Codes\Shark.cpp" />
    <ClCompile Include="..\Codes\SharkBullet.cpp" />
    <ClCompile Include="..\Codes\SoundMgr.cpp" />
    <ClCompile Include="..\Codes\UIManager.cpp" />
    <ClCompile Include="..\Codes\Vertexs.cpp" />
    <ClCompile Include="ComponentTemplate.md" />
    <ClCompile Include="..\Codes\HUDTopUI.cpp" />
    <ClCompile Include="..\Codes\ShopUI.cpp" />
    <ClCompile Include="..\Codes\StateBar.cpp" />
    <ClCompile Include="..\Codes\VIBuffer_UITexture.cpp" />
    <ClCompile Include="..\Codes\MiniMap.cpp" />
    <ClCompile Include="..\Codes\ScreenEffect.cpp" />
  </ItemGroup>
  <ItemGroup>
    <Image Include="Client.ico">
      <Filter>98.Default</Filter>
    </Image>
    <Image Include="small.ico">
      <Filter>98.Default</Filter>
    </Image>
  </ItemGroup>
  <ItemGroup>
    <ResourceCompile Include="Client.rc">
      <Filter>98.Default</Filter>
    </ResourceCompile>
  </ItemGroup>
  <ItemGroup>
    <FxCompile Include="..\Shader\DiffuseSpecularPS.hlsl" />
    <FxCompile Include="..\Shader\DiffuseSpecularVS.hlsl" />
    <FxCompile Include="..\Shader\MiniMapPS.hlsl" />
    <FxCompile Include="..\Shader\MiniMapVS.hlsl" />
    <FxCompile Include="..\Shader\UITexturePS.hlsl" />
    <FxCompile Include="..\Shader\UITextureVS.hlsl" />
    <FxCompile Include="..\Shader\ScreenPostEffectPS.hlsl" />
    <FxCompile Include="..\Shader\ScreenPostEffectVS.hlsl" />
  </ItemGroup>
</Project>